{
  "name": "@ulibs/components",
  "version": "0.0.2-next.7",
  "lockfileVersion": 3,
  "requires": true,
  "packages": {
    "": {
      "name": "@ulibs/components",
      "version": "0.0.2-next.7",
      "license": "ISC",
      "devDependencies": {
        "@ulibs/router": "^0.0.2-next.5"
      }
    },
    "node_modules/@ulibs/router": {
      "version": "0.0.2-next.5",
      "resolved": "https://registry.npmjs.org/@ulibs/router/-/router-0.0.2-next.5.tgz",
      "integrity": "sha512-hOg7N3luutyHurJmdCmMPiDizJYtKjkg3fl55N5oYT+4jFGwas8/0V5dp0uBMIzslIuCd3WAhNFHDLCoCqLedA==",
      "dev": true
    }
  }
}
